// !$*UTF8*$!
{
	archiveVersion = 1;
	classes = {
	};
	objectVersion = 46;
	objects = {

/* Begin PBXBuildFile section */
		DC0C3813150F2AB700D7BD2B /* ExperimentGlobals.m in Sources */ = {isa = PBXBuildFile; fileRef = DC0C3812150F2AB700D7BD2B /* ExperimentGlobals.m */; };
		DC0C38161510997600D7BD2B /* latinsquare.plist in Resources */ = {isa = PBXBuildFile; fileRef = DC0C38151510997600D7BD2B /* latinsquare.plist */; };
		DC419CF714DAFEFB00ED1DA2 /* Logger.m in Sources */ = {isa = PBXBuildFile; fileRef = DC419CF614DAFEFB00ED1DA2 /* Logger.m */; };
		DC50CFE114DC11610042809C /* AnswerButton.m in Sources */ = {isa = PBXBuildFile; fileRef = DC50CFE014DC11600042809C /* AnswerButton.m */; };
		DC60677D1511D975007F9407 /* Instructions.strings in Resources */ = {isa = PBXBuildFile; fileRef = DC60677C1511D975007F9407 /* Instructions.strings */; };
		DC60678115122AE0007F9407 /* InstructionView.m in Sources */ = {isa = PBXBuildFile; fileRef = DC60678015122AE0007F9407 /* InstructionView.m */; };
		DC60678315124F7E007F9407 /* buttonBackground.png in Resources */ = {isa = PBXBuildFile; fileRef = DC60678215124F7E007F9407 /* buttonBackground.png */; };
		DC60678515125041007F9407 /* buttonBackgroundSelected.png in Resources */ = {isa = PBXBuildFile; fileRef = DC60678415125041007F9407 /* buttonBackgroundSelected.png */; };
		DC821EF4151884F2002328FA /* NumberPadViewController.m in Sources */ = {isa = PBXBuildFile; fileRef = DC821EF2151884F2002328FA /* NumberPadViewController.m */; };
		DC821EF5151884F2002328FA /* NumberPadViewController.xib in Resources */ = {isa = PBXBuildFile; fileRef = DC821EF3151884F2002328FA /* NumberPadViewController.xib */; };
		DC8FD8121506A4AA002FC778 /* BBOSCAddress.m in Sources */ = {isa = PBXBuildFile; fileRef = DC8FD8011506A4AA002FC778 /* BBOSCAddress.m */; };
		DC8FD8131506A4AA002FC778 /* BBOSCArgument.m in Sources */ = {isa = PBXBuildFile; fileRef = DC8FD8031506A4AA002FC778 /* BBOSCArgument.m */; };
		DC8FD8141506A4AA002FC778 /* BBOSCBundle.m in Sources */ = {isa = PBXBuildFile; fileRef = DC8FD8051506A4AA002FC778 /* BBOSCBundle.m */; };
		DC8FD8151506A4AA002FC778 /* BBOSCDataUtilities.m in Sources */ = {isa = PBXBuildFile; fileRef = DC8FD8071506A4AA002FC778 /* BBOSCDataUtilities.m */; };
		DC8FD8161506A4AA002FC778 /* BBOSCMessage.m in Sources */ = {isa = PBXBuildFile; fileRef = DC8FD8091506A4AA002FC778 /* BBOSCMessage.m */; };
		DC8FD8171506A4AA002FC778 /* BBOSCPacket.m in Sources */ = {isa = PBXBuildFile; fileRef = DC8FD80B1506A4AA002FC778 /* BBOSCPacket.m */; };
		DC8FD8181506A4AA002FC778 /* BBOSCSender.m in Sources */ = {isa = PBXBuildFile; fileRef = DC8FD80D1506A4AA002FC778 /* BBOSCSender.m */; };
		DC8FD8191506A4AA002FC778 /* TuioObject.m in Sources */ = {isa = PBXBuildFile; fileRef = DC8FD80F1506A4AA002FC778 /* TuioObject.m */; };
		DC8FD81A1506A4AA002FC778 /* TuioSender.m in Sources */ = {isa = PBXBuildFile; fileRef = DC8FD8111506A4AA002FC778 /* TuioSender.m */; };
		DC93FE8B14D14F870090E3AD /* UIKit.framework in Frameworks */ = {isa = PBXBuildFile; fileRef = DC93FE8A14D14F870090E3AD /* UIKit.framework */; };
		DC93FE8D14D14F870090E3AD /* Foundation.framework in Frameworks */ = {isa = PBXBuildFile; fileRef = DC93FE8C14D14F870090E3AD /* Foundation.framework */; };
		DC93FE8F14D14F870090E3AD /* CoreGraphics.framework in Frameworks */ = {isa = PBXBuildFile; fileRef = DC93FE8E14D14F870090E3AD /* CoreGraphics.framework */; };
		DC93FE9514D14F870090E3AD /* InfoPlist.strings in Resources */ = {isa = PBXBuildFile; fileRef = DC93FE9314D14F870090E3AD /* InfoPlist.strings */; };
		DC93FE9714D14F870090E3AD /* main.m in Sources */ = {isa = PBXBuildFile; fileRef = DC93FE9614D14F870090E3AD /* main.m */; };
		DC93FE9B14D14F870090E3AD /* AppDelegate.m in Sources */ = {isa = PBXBuildFile; fileRef = DC93FE9A14D14F870090E3AD /* AppDelegate.m */; };
		DC93FE9E14D14F870090E3AD /* RootViewController.m in Sources */ = {isa = PBXBuildFile; fileRef = DC93FE9D14D14F870090E3AD /* RootViewController.m */; };
		DC93FEA114D14F870090E3AD /* DataViewController.m in Sources */ = {isa = PBXBuildFile; fileRef = DC93FEA014D14F870090E3AD /* DataViewController.m */; };
		DC93FEA414D14F870090E3AD /* ModelController.m in Sources */ = {isa = PBXBuildFile; fileRef = DC93FEA314D14F870090E3AD /* ModelController.m */; };
		DC93FEA714D14F870090E3AD /* MainStoryboard.storyboard in Resources */ = {isa = PBXBuildFile; fileRef = DC93FEA514D14F870090E3AD /* MainStoryboard.storyboard */; };
		DC93FEAE14D156C40090E3AD /* Questions.plist in Resources */ = {isa = PBXBuildFile; fileRef = DC93FEAD14D156C40090E3AD /* Questions.plist */; };
		DCB87A0B15174AB40099E417 /* NumberPickerViewController.m in Sources */ = {isa = PBXBuildFile; fileRef = DCB87A0A15174AB40099E417 /* NumberPickerViewController.m */; };
		DCD70FB01513AFEB0093282E /* StereoTest.m in Sources */ = {isa = PBXBuildFile; fileRef = DCD70FAF1513AFEB0093282E /* StereoTest.m */; };
/* End PBXBuildFile section */

/* Begin PBXFileReference section */
		DC0C3811150F2AB600D7BD2B /* ExperimentGlobals.h */ = {isa = PBXFileReference; fileEncoding = 4; lastKnownFileType = sourcecode.c.h; path = ExperimentGlobals.h; sourceTree = "<group>"; };
		DC0C3812150F2AB700D7BD2B /* ExperimentGlobals.m */ = {isa = PBXFileReference; fileEncoding = 4; lastKnownFileType = sourcecode.c.objc; path = ExperimentGlobals.m; sourceTree = "<group>"; };
		DC0C38151510997600D7BD2B /* latinsquare.plist */ = {isa = PBXFileReference; fileEncoding = 4; lastKnownFileType = text.plist.xml; path = latinsquare.plist; sourceTree = "<group>"; };
		DC419CF514DAFEFB00ED1DA2 /* Logger.h */ = {isa = PBXFileReference; fileEncoding = 4; lastKnownFileType = sourcecode.c.h; path = Logger.h; sourceTree = "<group>"; };
		DC419CF614DAFEFB00ED1DA2 /* Logger.m */ = {isa = PBXFileReference; fileEncoding = 4; lastKnownFileType = sourcecode.c.objc; path = Logger.m; sourceTree = "<group>"; };
		DC50CFDF14DC11600042809C /* AnswerButton.h */ = {isa = PBXFileReference; fileEncoding = 4; lastKnownFileType = sourcecode.c.h; path = AnswerButton.h; sourceTree = "<group>"; };
		DC50CFE014DC11600042809C /* AnswerButton.m */ = {isa = PBXFileReference; fileEncoding = 4; lastKnownFileType = sourcecode.c.objc; path = AnswerButton.m; sourceTree = "<group>"; };
		DC60677C1511D975007F9407 /* Instructions.strings */ = {isa = PBXFileReference; fileEncoding = 4; lastKnownFileType = text.plist.strings; path = Instructions.strings; sourceTree = "<group>"; };
		DC60677F15122AE0007F9407 /* InstructionView.h */ = {isa = PBXFileReference; fileEncoding = 4; lastKnownFileType = sourcecode.c.h; path = InstructionView.h; sourceTree = "<group>"; };
		DC60678015122AE0007F9407 /* InstructionView.m */ = {isa = PBXFileReference; fileEncoding = 4; lastKnownFileType = sourcecode.c.objc; path = InstructionView.m; sourceTree = "<group>"; };
		DC60678215124F7E007F9407 /* buttonBackground.png */ = {isa = PBXFileReference; lastKnownFileType = image.png; path = buttonBackground.png; sourceTree = "<group>"; };
		DC60678415125041007F9407 /* buttonBackgroundSelected.png */ = {isa = PBXFileReference; lastKnownFileType = image.png; path = buttonBackgroundSelected.png; sourceTree = "<group>"; };
		DC821EF1151884F2002328FA /* NumberPadViewController.h */ = {isa = PBXFileReference; fileEncoding = 4; lastKnownFileType = sourcecode.c.h; path = NumberPadViewController.h; sourceTree = "<group>"; };
		DC821EF2151884F2002328FA /* NumberPadViewController.m */ = {isa = PBXFileReference; fileEncoding = 4; lastKnownFileType = sourcecode.c.objc; path = NumberPadViewController.m; sourceTree = "<group>"; };
		DC821EF3151884F2002328FA /* NumberPadViewController.xib */ = {isa = PBXFileReference; fileEncoding = 4; lastKnownFileType = file.xib; path = NumberPadViewController.xib; sourceTree = "<group>"; };
		DC8FD8001506A4AA002FC778 /* BBOSCAddress.h */ = {isa = PBXFileReference; fileEncoding = 4; lastKnownFileType = sourcecode.c.h; path = BBOSCAddress.h; sourceTree = "<group>"; };
		DC8FD8011506A4AA002FC778 /* BBOSCAddress.m */ = {isa = PBXFileReference; fileEncoding = 4; lastKnownFileType = sourcecode.c.objc; path = BBOSCAddress.m; sourceTree = "<group>"; };
		DC8FD8021506A4AA002FC778 /* BBOSCArgument.h */ = {isa = PBXFileReference; fileEncoding = 4; lastKnownFileType = sourcecode.c.h; path = BBOSCArgument.h; sourceTree = "<group>"; };
		DC8FD8031506A4AA002FC778 /* BBOSCArgument.m */ = {isa = PBXFileReference; fileEncoding = 4; lastKnownFileType = sourcecode.c.objc; path = BBOSCArgument.m; sourceTree = "<group>"; };
		DC8FD8041506A4AA002FC778 /* BBOSCBundle.h */ = {isa = PBXFileReference; fileEncoding = 4; lastKnownFileType = sourcecode.c.h; path = BBOSCBundle.h; sourceTree = "<group>"; };
		DC8FD8051506A4AA002FC778 /* BBOSCBundle.m */ = {isa = PBXFileReference; fileEncoding = 4; lastKnownFileType = sourcecode.c.objc; path = BBOSCBundle.m; sourceTree = "<group>"; };
		DC8FD8061506A4AA002FC778 /* BBOSCDataUtilities.h */ = {isa = PBXFileReference; fileEncoding = 4; lastKnownFileType = sourcecode.c.h; path = BBOSCDataUtilities.h; sourceTree = "<group>"; };
		DC8FD8071506A4AA002FC778 /* BBOSCDataUtilities.m */ = {isa = PBXFileReference; fileEncoding = 4; lastKnownFileType = sourcecode.c.objc; path = BBOSCDataUtilities.m; sourceTree = "<group>"; };
		DC8FD8081506A4AA002FC778 /* BBOSCMessage.h */ = {isa = PBXFileReference; fileEncoding = 4; lastKnownFileType = sourcecode.c.h; path = BBOSCMessage.h; sourceTree = "<group>"; };
		DC8FD8091506A4AA002FC778 /* BBOSCMessage.m */ = {isa = PBXFileReference; fileEncoding = 4; lastKnownFileType = sourcecode.c.objc; path = BBOSCMessage.m; sourceTree = "<group>"; };
		DC8FD80A1506A4AA002FC778 /* BBOSCPacket.h */ = {isa = PBXFileReference; fileEncoding = 4; lastKnownFileType = sourcecode.c.h; path = BBOSCPacket.h; sourceTree = "<group>"; };
		DC8FD80B1506A4AA002FC778 /* BBOSCPacket.m */ = {isa = PBXFileReference; fileEncoding = 4; lastKnownFileType = sourcecode.c.objc; path = BBOSCPacket.m; sourceTree = "<group>"; };
		DC8FD80C1506A4AA002FC778 /* BBOSCSender.h */ = {isa = PBXFileReference; fileEncoding = 4; lastKnownFileType = sourcecode.c.h; path = BBOSCSender.h; sourceTree = "<group>"; };
		DC8FD80D1506A4AA002FC778 /* BBOSCSender.m */ = {isa = PBXFileReference; fileEncoding = 4; lastKnownFileType = sourcecode.c.objc; path = BBOSCSender.m; sourceTree = "<group>"; };
		DC8FD80E1506A4AA002FC778 /* TuioObject.h */ = {isa = PBXFileReference; fileEncoding = 4; lastKnownFileType = sourcecode.c.h; path = TuioObject.h; sourceTree = "<group>"; };
		DC8FD80F1506A4AA002FC778 /* TuioObject.m */ = {isa = PBXFileReference; fileEncoding = 4; lastKnownFileType = sourcecode.c.objc; path = TuioObject.m; sourceTree = "<group>"; };
		DC8FD8101506A4AA002FC778 /* TuioSender.h */ = {isa = PBXFileReference; fileEncoding = 4; lastKnownFileType = sourcecode.c.h; path = TuioSender.h; sourceTree = "<group>"; };
		DC8FD8111506A4AA002FC778 /* TuioSender.m */ = {isa = PBXFileReference; fileEncoding = 4; lastKnownFileType = sourcecode.c.objc; path = TuioSender.m; sourceTree = "<group>"; };
		DC93FE8614D14F870090E3AD /* TangVizPilotApp.app */ = {isa = PBXFileReference; explicitFileType = wrapper.application; includeInIndex = 0; path = TangVizPilotApp.app; sourceTree = BUILT_PRODUCTS_DIR; };
		DC93FE8A14D14F870090E3AD /* UIKit.framework */ = {isa = PBXFileReference; lastKnownFileType = wrapper.framework; name = UIKit.framework; path = System/Library/Frameworks/UIKit.framework; sourceTree = SDKROOT; };
		DC93FE8C14D14F870090E3AD /* Foundation.framework */ = {isa = PBXFileReference; lastKnownFileType = wrapper.framework; name = Foundation.framework; path = System/Library/Frameworks/Foundation.framework; sourceTree = SDKROOT; };
		DC93FE8E14D14F870090E3AD /* CoreGraphics.framework */ = {isa = PBXFileReference; lastKnownFileType = wrapper.framework; name = CoreGraphics.framework; path = System/Library/Frameworks/CoreGraphics.framework; sourceTree = SDKROOT; };
		DC93FE9214D14F870090E3AD /* TangVizPilotApp-Info.plist */ = {isa = PBXFileReference; lastKnownFileType = text.plist.xml; path = "TangVizPilotApp-Info.plist"; sourceTree = "<group>"; };
		DC93FE9414D14F870090E3AD /* en */ = {isa = PBXFileReference; lastKnownFileType = text.plist.strings; name = en; path = en.lproj/InfoPlist.strings; sourceTree = "<group>"; };
		DC93FE9614D14F870090E3AD /* main.m */ = {isa = PBXFileReference; lastKnownFileType = sourcecode.c.objc; path = main.m; sourceTree = "<group>"; };
		DC93FE9814D14F870090E3AD /* TangVizPilotApp-Prefix.pch */ = {isa = PBXFileReference; lastKnownFileType = sourcecode.c.h; path = "TangVizPilotApp-Prefix.pch"; sourceTree = "<group>"; };
		DC93FE9914D14F870090E3AD /* AppDelegate.h */ = {isa = PBXFileReference; lastKnownFileType = sourcecode.c.h; path = AppDelegate.h; sourceTree = "<group>"; };
		DC93FE9A14D14F870090E3AD /* AppDelegate.m */ = {isa = PBXFileReference; lastKnownFileType = sourcecode.c.objc; path = AppDelegate.m; sourceTree = "<group>"; };
		DC93FE9C14D14F870090E3AD /* RootViewController.h */ = {isa = PBXFileReference; lastKnownFileType = sourcecode.c.h; path = RootViewController.h; sourceTree = "<group>"; };
		DC93FE9D14D14F870090E3AD /* RootViewController.m */ = {isa = PBXFileReference; lastKnownFileType = sourcecode.c.objc; path = RootViewController.m; sourceTree = "<group>"; };
		DC93FE9F14D14F870090E3AD /* DataViewController.h */ = {isa = PBXFileReference; lastKnownFileType = sourcecode.c.h; path = DataViewController.h; sourceTree = "<group>"; };
		DC93FEA014D14F870090E3AD /* DataViewController.m */ = {isa = PBXFileReference; lastKnownFileType = sourcecode.c.objc; path = DataViewController.m; sourceTree = "<group>"; };
		DC93FEA214D14F870090E3AD /* ModelController.h */ = {isa = PBXFileReference; lastKnownFileType = sourcecode.c.h; path = ModelController.h; sourceTree = "<group>"; };
		DC93FEA314D14F870090E3AD /* ModelController.m */ = {isa = PBXFileReference; lastKnownFileType = sourcecode.c.objc; path = ModelController.m; sourceTree = "<group>"; };
		DC93FEA614D14F870090E3AD /* en */ = {isa = PBXFileReference; lastKnownFileType = file.storyboard; name = en; path = en.lproj/MainStoryboard.storyboard; sourceTree = "<group>"; };
		DC93FEAD14D156C40090E3AD /* Questions.plist */ = {isa = PBXFileReference; fileEncoding = 4; lastKnownFileType = text.plist.xml; path = Questions.plist; sourceTree = "<group>"; };
		DCB87A0915174AB40099E417 /* NumberPickerViewController.h */ = {isa = PBXFileReference; fileEncoding = 4; lastKnownFileType = sourcecode.c.h; path = NumberPickerViewController.h; sourceTree = "<group>"; };
		DCB87A0A15174AB40099E417 /* NumberPickerViewController.m */ = {isa = PBXFileReference; fileEncoding = 4; lastKnownFileType = sourcecode.c.objc; path = NumberPickerViewController.m; sourceTree = "<group>"; };
		DCD70FAE1513AFEB0093282E /* StereoTest.h */ = {isa = PBXFileReference; fileEncoding = 4; lastKnownFileType = sourcecode.c.h; path = StereoTest.h; sourceTree = "<group>"; };
		DCD70FAF1513AFEB0093282E /* StereoTest.m */ = {isa = PBXFileReference; fileEncoding = 4; lastKnownFileType = sourcecode.c.objc; path = StereoTest.m; sourceTree = "<group>"; };
/* End PBXFileReference section */

/* Begin PBXFrameworksBuildPhase section */
		DC93FE8314D14F870090E3AD /* Frameworks */ = {
			isa = PBXFrameworksBuildPhase;
			buildActionMask = 2147483647;
			files = (
				DC93FE8B14D14F870090E3AD /* UIKit.framework in Frameworks */,
				DC93FE8D14D14F870090E3AD /* Foundation.framework in Frameworks */,
				DC93FE8F14D14F870090E3AD /* CoreGraphics.framework in Frameworks */,
			);
			runOnlyForDeploymentPostprocessing = 0;
		};
/* End PBXFrameworksBuildPhase section */

/* Begin PBXGroup section */
		DC8FD7FF1506A4AA002FC778 /* TUIO */ = {
			isa = PBXGroup;
			children = (
				DC8FD8001506A4AA002FC778 /* BBOSCAddress.h */,
				DC8FD8011506A4AA002FC778 /* BBOSCAddress.m */,
				DC8FD8021506A4AA002FC778 /* BBOSCArgument.h */,
				DC8FD8031506A4AA002FC778 /* BBOSCArgument.m */,
				DC8FD8041506A4AA002FC778 /* BBOSCBundle.h */,
				DC8FD8051506A4AA002FC778 /* BBOSCBundle.m */,
				DC8FD8061506A4AA002FC778 /* BBOSCDataUtilities.h */,
				DC8FD8071506A4AA002FC778 /* BBOSCDataUtilities.m */,
				DC8FD8081506A4AA002FC778 /* BBOSCMessage.h */,
				DC8FD8091506A4AA002FC778 /* BBOSCMessage.m */,
				DC8FD80A1506A4AA002FC778 /* BBOSCPacket.h */,
				DC8FD80B1506A4AA002FC778 /* BBOSCPacket.m */,
				DC8FD80C1506A4AA002FC778 /* BBOSCSender.h */,
				DC8FD80D1506A4AA002FC778 /* BBOSCSender.m */,
				DC8FD80E1506A4AA002FC778 /* TuioObject.h */,
				DC8FD80F1506A4AA002FC778 /* TuioObject.m */,
				DC8FD8101506A4AA002FC778 /* TuioSender.h */,
				DC8FD8111506A4AA002FC778 /* TuioSender.m */,
			);
			path = TUIO;
			sourceTree = "<group>";
		};
		DC93FE7B14D14F870090E3AD = {
			isa = PBXGroup;
			children = (
				DC93FE9014D14F870090E3AD /* TangVizPilotApp */,
				DC93FE8914D14F870090E3AD /* Frameworks */,
				DC93FE8714D14F870090E3AD /* Products */,
			);
			sourceTree = "<group>";
		};
		DC93FE8714D14F870090E3AD /* Products */ = {
			isa = PBXGroup;
			children = (
				DC93FE8614D14F870090E3AD /* TangVizPilotApp.app */,
			);
			name = Products;
			sourceTree = "<group>";
		};
		DC93FE8914D14F870090E3AD /* Frameworks */ = {
			isa = PBXGroup;
			children = (
				DC93FE8A14D14F870090E3AD /* UIKit.framework */,
				DC93FE8C14D14F870090E3AD /* Foundation.framework */,
				DC93FE8E14D14F870090E3AD /* CoreGraphics.framework */,
			);
			name = Frameworks;
			sourceTree = "<group>";
		};
		DC93FE9014D14F870090E3AD /* TangVizPilotApp */ = {
			isa = PBXGroup;
			children = (
				DC8FD7FF1506A4AA002FC778 /* TUIO */,
				DC93FE9914D14F870090E3AD /* AppDelegate.h */,
				DC93FE9A14D14F870090E3AD /* AppDelegate.m */,
				DC93FE9C14D14F870090E3AD /* RootViewController.h */,
				DC93FE9D14D14F870090E3AD /* RootViewController.m */,
				DC93FE9F14D14F870090E3AD /* DataViewController.h */,
				DC93FEA014D14F870090E3AD /* DataViewController.m */,
				DC93FEA214D14F870090E3AD /* ModelController.h */,
				DC93FEA314D14F870090E3AD /* ModelController.m */,
				DC93FEA514D14F870090E3AD /* MainStoryboard.storyboard */,
				DC93FE9114D14F870090E3AD /* Supporting Files */,
				DC419CF514DAFEFB00ED1DA2 /* Logger.h */,
				DC419CF614DAFEFB00ED1DA2 /* Logger.m */,
				DC50CFDF14DC11600042809C /* AnswerButton.h */,
				DC50CFE014DC11600042809C /* AnswerButton.m */,
				DC0C3811150F2AB600D7BD2B /* ExperimentGlobals.h */,
				DC0C3812150F2AB700D7BD2B /* ExperimentGlobals.m */,
				DC60677F15122AE0007F9407 /* InstructionView.h */,
				DC60678015122AE0007F9407 /* InstructionView.m */,
				DCD70FAE1513AFEB0093282E /* StereoTest.h */,
				DCD70FAF1513AFEB0093282E /* StereoTest.m */,
				DCB87A0915174AB40099E417 /* NumberPickerViewController.h */,
				DCB87A0A15174AB40099E417 /* NumberPickerViewController.m */,
				DC821EF1151884F2002328FA /* NumberPadViewController.h */,
				DC821EF2151884F2002328FA /* NumberPadViewController.m */,
				DC821EF3151884F2002328FA /* NumberPadViewController.xib */,
			);
			path = TangVizPilotApp;
			sourceTree = "<group>";
		};
		DC93FE9114D14F870090E3AD /* Supporting Files */ = {
			isa = PBXGroup;
			children = (
				DC60678415125041007F9407 /* buttonBackgroundSelected.png */,
				DC60678215124F7E007F9407 /* buttonBackground.png */,
				DC93FE9214D14F870090E3AD /* TangVizPilotApp-Info.plist */,
				DC93FE9314D14F870090E3AD /* InfoPlist.strings */,
				DC93FE9614D14F870090E3AD /* main.m */,
				DC93FE9814D14F870090E3AD /* TangVizPilotApp-Prefix.pch */,
				DC93FEAD14D156C40090E3AD /* Questions.plist */,
				DC0C38151510997600D7BD2B /* latinsquare.plist */,
				DC60677C1511D975007F9407 /* Instructions.strings */,
			);
			name = "Supporting Files";
			sourceTree = "<group>";
		};
/* End PBXGroup section */

/* Begin PBXNativeTarget section */
		DC93FE8514D14F870090E3AD /* TangVizPilotApp */ = {
			isa = PBXNativeTarget;
			buildConfigurationList = DC93FEAA14D14F870090E3AD /* Build configuration list for PBXNativeTarget "TangVizPilotApp" */;
			buildPhases = (
				DC93FE8214D14F870090E3AD /* Sources */,
				DC93FE8314D14F870090E3AD /* Frameworks */,
				DC93FE8414D14F870090E3AD /* Resources */,
			);
			buildRules = (
			);
			dependencies = (
			);
			name = TangVizPilotApp;
			productName = TangVizPilotApp;
			productReference = DC93FE8614D14F870090E3AD /* TangVizPilotApp.app */;
			productType = "com.apple.product-type.application";
		};
/* End PBXNativeTarget section */

/* Begin PBXProject section */
		DC93FE7D14D14F870090E3AD /* Project object */ = {
			isa = PBXProject;
			attributes = {
				LastUpgradeCheck = 0420;
				ORGANIZATIONNAME = "INRIA AVIZ";
			};
			buildConfigurationList = DC93FE8014D14F870090E3AD /* Build configuration list for PBXProject "TangVizPilotApp" */;
			compatibilityVersion = "Xcode 3.2";
			developmentRegion = English;
			hasScannedForEncodings = 0;
			knownRegions = (
				en,
			);
			mainGroup = DC93FE7B14D14F870090E3AD;
			productRefGroup = DC93FE8714D14F870090E3AD /* Products */;
			projectDirPath = "";
			projectRoot = "";
			targets = (
				DC93FE8514D14F870090E3AD /* TangVizPilotApp */,
			);
		};
/* End PBXProject section */

/* Begin PBXResourcesBuildPhase section */
		DC93FE8414D14F870090E3AD /* Resources */ = {
			isa = PBXResourcesBuildPhase;
			buildActionMask = 2147483647;
			files = (
				DC93FE9514D14F870090E3AD /* InfoPlist.strings in Resources */,
				DC93FEA714D14F870090E3AD /* MainStoryboard.storyboard in Resources */,
				DC93FEAE14D156C40090E3AD /* Questions.plist in Resources */,
				DC0C38161510997600D7BD2B /* latinsquare.plist in Resources */,
				DC60677D1511D975007F9407 /* Instructions.strings in Resources */,
				DC60678315124F7E007F9407 /* buttonBackground.png in Resources */,
				DC60678515125041007F9407 /* buttonBackgroundSelected.png in Resources */,
				DC821EF5151884F2002328FA /* NumberPadViewController.xib in Resources */,
			);
			runOnlyForDeploymentPostprocessing = 0;
		};
/* End PBXResourcesBuildPhase section */

/* Begin PBXSourcesBuildPhase section */
		DC93FE8214D14F870090E3AD /* Sources */ = {
			isa = PBXSourcesBuildPhase;
			buildActionMask = 2147483647;
			files = (
				DC93FE9714D14F870090E3AD /* main.m in Sources */,
				DC93FE9B14D14F870090E3AD /* AppDelegate.m in Sources */,
				DC93FE9E14D14F870090E3AD /* RootViewController.m in Sources */,
				DC93FEA114D14F870090E3AD /* DataViewController.m in Sources */,
				DC93FEA414D14F870090E3AD /* ModelController.m in Sources */,
				DC419CF714DAFEFB00ED1DA2 /* Logger.m in Sources */,
				DC50CFE114DC11610042809C /* AnswerButton.m in Sources */,
				DC8FD8121506A4AA002FC778 /* BBOSCAddress.m in Sources */,
				DC8FD8131506A4AA002FC778 /* BBOSCArgument.m in Sources */,
				DC8FD8141506A4AA002FC778 /* BBOSCBundle.m in Sources */,
				DC8FD8151506A4AA002FC778 /* BBOSCDataUtilities.m in Sources */,
				DC8FD8161506A4AA002FC778 /* BBOSCMessage.m in Sources */,
				DC8FD8171506A4AA002FC778 /* BBOSCPacket.m in Sources */,
				DC8FD8181506A4AA002FC778 /* BBOSCSender.m in Sources */,
				DC8FD8191506A4AA002FC778 /* TuioObject.m in Sources */,
				DC8FD81A1506A4AA002FC778 /* TuioSender.m in Sources */,
				DC0C3813150F2AB700D7BD2B /* ExperimentGlobals.m in Sources */,
				DC60678115122AE0007F9407 /* InstructionView.m in Sources */,
				DCD70FB01513AFEB0093282E /* StereoTest.m in Sources */,
				DCB87A0B15174AB40099E417 /* NumberPickerViewController.m in Sources */,
				DC821EF4151884F2002328FA /* NumberPadViewController.m in Sources */,
			);
			runOnlyForDeploymentPostprocessing = 0;
		};
/* End PBXSourcesBuildPhase section */

/* Begin PBXVariantGroup section */
		DC93FE9314D14F870090E3AD /* InfoPlist.strings */ = {
			isa = PBXVariantGroup;
			children = (
				DC93FE9414D14F870090E3AD /* en */,
			);
			name = InfoPlist.strings;
			sourceTree = "<group>";
		};
		DC93FEA514D14F870090E3AD /* MainStoryboard.storyboard */ = {
			isa = PBXVariantGroup;
			children = (
				DC93FEA614D14F870090E3AD /* en */,
			);
			name = MainStoryboard.storyboard;
			sourceTree = "<group>";
		};
/* End PBXVariantGroup section */

/* Begin XCBuildConfiguration section */
		DC93FEA814D14F870090E3AD /* Debug */ = {
			isa = XCBuildConfiguration;
			buildSettings = {
				ALWAYS_SEARCH_USER_PATHS = NO;
				ARCHS = "$(ARCHS_STANDARD_32_BIT)";
				"CODE_SIGN_IDENTITY[sdk=iphoneos*]" = "iPhone Developer";
				COPY_PHASE_STRIP = NO;
				GCC_C_LANGUAGE_STANDARD = gnu99;
				GCC_DYNAMIC_NO_PIC = NO;
				GCC_OPTIMIZATION_LEVEL = 0;
				GCC_PREPROCESSOR_DEFINITIONS = (
					"DEBUG=1",
					"$(inherited)",
				);
				GCC_SYMBOLS_PRIVATE_EXTERN = NO;
				GCC_VERSION = com.apple.compilers.llvm.clang.1_0;
				GCC_WARN_ABOUT_MISSING_PROTOTYPES = YES;
				GCC_WARN_ABOUT_RETURN_TYPE = YES;
				GCC_WARN_UNUSED_VARIABLE = YES;
				IPHONEOS_DEPLOYMENT_TARGET = 5.0;
				SDKROOT = iphoneos;
				TARGETED_DEVICE_FAMILY = 2;
			};
			name = Debug;
		};
		DC93FEA914D14F870090E3AD /* Release */ = {
			isa = XCBuildConfiguration;
			buildSettings = {
				ALWAYS_SEARCH_USER_PATHS = NO;
				ARCHS = "$(ARCHS_STANDARD_32_BIT)";
				"CODE_SIGN_IDENTITY[sdk=iphoneos*]" = "iPhone Developer";
				COPY_PHASE_STRIP = YES;
				GCC_C_LANGUAGE_STANDARD = gnu99;
				GCC_VERSION = com.apple.compilers.llvm.clang.1_0;
				GCC_WARN_ABOUT_MISSING_PROTOTYPES = YES;
				GCC_WARN_ABOUT_RETURN_TYPE = YES;
				GCC_WARN_UNUSED_VARIABLE = YES;
				IPHONEOS_DEPLOYMENT_TARGET = 5.0;
				OTHER_CFLAGS = "-DNS_BLOCK_ASSERTIONS=1";
				SDKROOT = iphoneos;
				TARGETED_DEVICE_FAMILY = 2;
				VALIDATE_PRODUCT = YES;
			};
			name = Release;
		};
		DC93FEAB14D14F870090E3AD /* Debug */ = {
			isa = XCBuildConfiguration;
			buildSettings = {
				ALWAYS_SEARCH_USER_PATHS = YES;
				GCC_PRECOMPILE_PREFIX_HEADER = YES;
				GCC_PREFIX_HEADER = "TangVizPilotApp/TangVizPilotApp-Prefix.pch";
				INFOPLIST_FILE = "TangVizPilotApp/TangVizPilotApp-Info.plist";
				IPHONEOS_DEPLOYMENT_TARGET = 5.0;
				PRODUCT_NAME = "$(TARGET_NAME)";
				WRAPPER_EXTENSION = app;
			};
			name = Debug;
		};
		DC93FEAC14D14F870090E3AD /* Release */ = {
			isa = XCBuildConfiguration;
			buildSettings = {
				ALWAYS_SEARCH_USER_PATHS = YES;
				CODE_SIGN_IDENTITY = "iPhone Developer: Yvonne Jansen (AMEDEY3337)";
				GCC_PRECOMPILE_PREFIX_HEADER = YES;
				GCC_PREFIX_HEADER = "TangVizPilotApp/TangVizPilotApp-Prefix.pch";
				INFOPLIST_FILE = "TangVizPilotApp/TangVizPilotApp-Info.plist";
				IPHONEOS_DEPLOYMENT_TARGET = 5.0;
				PRODUCT_NAME = "$(TARGET_NAME)";
				PROVISIONING_PROFILE = "484A1F1F-19CD-4C94-944E-A5B0D41D8D5D";
				WRAPPER_EXTENSION = app;
			};
			name = Release;
		};
/* End XCBuildConfiguration section */

/* Begin XCConfigurationList section */
		DC93FE8014D14F870090E3AD /* Build configuration list for PBXProject "TangVizPilotApp" */ = {
			isa = XCConfigurationList;
			buildConfigurations = (
				DC93FEA814D14F870090E3AD /* Debug */,
				DC93FEA914D14F870090E3AD /* Release */,
			);
			defaultConfigurationIsVisible = 0;
			defaultConfigurationName = Release;
		};
		DC93FEAA14D14F870090E3AD /* Build configuration list for PBXNativeTarget "TangVizPilotApp" */ = {
			isa = XCConfigurationList;
			buildConfigurations = (
				DC93FEAB14D14F870090E3AD /* Debug */,
				DC93FEAC14D14F870090E3AD /* Release */,
			);
			defaultConfigurationIsVisible = 0;
			defaultConfigurationName = Release;
		};
/* End XCConfigurationList section */
	};
	rootObject = DC93FE7D14D14F870090E3AD /* Project object */;
}
